
Microsoft Visual Studio Solution File, Format Version 12.00
# Visual Studio Version 16
VisualStudioVersion = 16.0.30503.244
MinimumVisualStudioVersion = 10.0.40219.1
Project("{FAE04EC0-301F-11D3-BF4B-00C04F79EFBC}") = "bazdan", "bazdan\bazdan.csproj", "{09E63923-2CD8-4839-B1AB-43852CF65EAA}"
EndProject
Global
	GlobalSection(SolutionConfigurationPlatforms) = preSolution
		Debug|Any CPU = Debug|Any CPU
		Release|Any CPU = Release|Any CPU
	EndGlobalSection
	GlobalSection(ProjectConfigurationPlatforms) = postSolution
		{09E63923-2CD8-4839-B1AB-43852CF65EAA}.Debug|Any CPU.ActiveCfg = Debug|Any CPU
		{09E63923-2CD8-4839-B1AB-43852CF65EAA}.Debug|Any CPU.Build.0 = Debug|Any CPU
		{09E63923-2CD8-4839-B1AB-43852CF65EAA}.Release|Any CPU.ActiveCfg = Release|Any CPU
		{09E63923-2CD8-4839-B1AB-43852CF65EAA}.Release|Any CPU.Build.0 = Release|Any CPU
	EndGlobalSection
	GlobalSection(SolutionProperties) = preSolution
		HideSolutionNode = FALSE
	EndGlobalSection
	GlobalSection(ExtensibilityGlobals) = postSolution
		SolutionGuid = {90759634-85A3-4D37-BB55-3210EDEF8921}
	EndGlobalSection
EndGlobal
